
Microsoft Visual Studio Solution File, Format Version 12.00
# Visual Studio 14
VisualStudioVersion = 14.0.25420.1
MinimumVisualStudioVersion = 10.0.40219.1
Project("{2150E333-8FDC-42A3-9474-1A3956D46DE8}") = "Domain", "Domain", "{2DB96D90-1342-4E7A-B4F9-390C025FCC0F}"
EndProject
Project("{2150E333-8FDC-42A3-9474-1A3956D46DE8}") = "Presentation", "Presentation", "{2D40E677-0F4A-4DD7-9233-7A55FE31C149}"
EndProject
Project("{2150E333-8FDC-42A3-9474-1A3956D46DE8}") = "Data", "Data", "{35FB2D06-C40B-4B07-B561-85D9806EDE00}"
EndProject
Project("{FAE04EC0-301F-11D3-BF4B-00C04F79EFBC}") = "BookmarkMe.Domain.Test", "BookmarkMe.Domain.Test\BookmarkMe.Domain.Test.csproj", "{9C924E03-2148-455A-8D0C-33FA176DF07A}"
EndProject
Global
	GlobalSection(SolutionConfigurationPlatforms) = preSolution
		Debug|Any CPU = Debug|Any CPU
		Release|Any CPU = Release|Any CPU
	EndGlobalSection
	GlobalSection(ProjectConfigurationPlatforms) = postSolution
		{9C924E03-2148-455A-8D0C-33FA176DF07A}.Debug|Any CPU.ActiveCfg = Debug|Any CPU
		{9C924E03-2148-455A-8D0C-33FA176DF07A}.Debug|Any CPU.Build.0 = Debug|Any CPU
		{9C924E03-2148-455A-8D0C-33FA176DF07A}.Release|Any CPU.ActiveCfg = Release|Any CPU
		{9C924E03-2148-455A-8D0C-33FA176DF07A}.Release|Any CPU.Build.0 = Release|Any CPU
	EndGlobalSection
	GlobalSection(SolutionProperties) = preSolution
		HideSolutionNode = FALSE
	EndGlobalSection
	GlobalSection(NestedProjects) = preSolution
		{9C924E03-2148-455A-8D0C-33FA176DF07A} = {2DB96D90-1342-4E7A-B4F9-390C025FCC0F}
	EndGlobalSection
EndGlobal
